
Microsoft Visual Studio Solution File, Format Version 12.00
# Visual Studio Version 17
VisualStudioVersion = 17.14.36414.22
MinimumVisualStudioVersion = 10.0.40219.1
Project("{FAE04EC0-301F-11D3-BF4B-00C04F79EFBC}") = "Server", "Server\Server.csproj", "{79868220-64D4-4CC6-A6BD-0D6906AAD980}"
EndProject
Project("{FAE04EC0-301F-11D3-BF4B-00C04F79EFBC}") = "ServerxUnitTests", "ServerxUnitTests\ServerxUnitTests.csproj", "{68348BAB-D04B-4045-982E-3E24DD3C3399}"
EndProject
Global
	GlobalSection(SolutionConfigurationPlatforms) = preSolution
		Debug|Any CPU = Debug|Any CPU
		Release|Any CPU = Release|Any CPU
	EndGlobalSection
	GlobalSection(ProjectConfigurationPlatforms) = postSolution
		{79868220-64D4-4CC6-A6BD-0D6906AAD980}.Debug|Any CPU.ActiveCfg = Debug|Any CPU
		{79868220-64D4-4CC6-A6BD-0D6906AAD980}.Debug|Any CPU.Build.0 = Debug|Any CPU
		{79868220-64D4-4CC6-A6BD-0D6906AAD980}.Release|Any CPU.ActiveCfg = Release|Any CPU
		{79868220-64D4-4CC6-A6BD-0D6906AAD980}.Release|Any CPU.Build.0 = Release|Any CPU
		{68348BAB-D04B-4045-982E-3E24DD3C3399}.Debug|Any CPU.ActiveCfg = Debug|Any CPU
		{68348BAB-D04B-4045-982E-3E24DD3C3399}.Debug|Any CPU.Build.0 = Debug|Any CPU
		{68348BAB-D04B-4045-982E-3E24DD3C3399}.Release|Any CPU.ActiveCfg = Release|Any CPU
		{68348BAB-D04B-4045-982E-3E24DD3C3399}.Release|Any CPU.Build.0 = Release|Any CPU
	EndGlobalSection
	GlobalSection(SolutionProperties) = preSolution
		HideSolutionNode = FALSE
	EndGlobalSection
	GlobalSection(ExtensibilityGlobals) = postSolution
		SolutionGuid = {61C8AC86-78C6-4EF7-A6B8-A80CACD9F605}
	EndGlobalSection
EndGlobal
